Microsoft Visual Studio Solution File, Format Version 9.00
Project("{FAE04EC0-301F-11D3-BF4B-00C04F79EFBC}") = "src", "src/src.csproj", "{F7BA9EF7-ADF7-40EF-9A9E-206649DBB10C}"
EndProject
Project("{FAE04EC0-301F-11D3-BF4B-00C04F79EFBC}") = "tests", "tests/tests.csproj", "{B409B247-A311-42A9-B68D-76054D63DD7D}"
EndProject
Global
	GlobalSection(SolutionConfigurationPlatforms) = preSolution
		Debug|Any CPU = Debug|Any CPU
		Release|Any CPU = Release|Any CPU
	EndGlobalSection
	GlobalSection(ProjectConfigurationPlatforms) = postSolution
		{F7BA9EF7-ADF7-40EF-9A9E-206649DBB10C}.Debug|Any CPU.ActiveCfg = Debug|Any CPU
		{F7BA9EF7-ADF7-40EF-9A9E-206649DBB10C}.Debug|Any CPU.Build.0 = Debug|Any CPU
		{F7BA9EF7-ADF7-40EF-9A9E-206649DBB10C}.Release|Any CPU.ActiveCfg = Release|Any CPU
		{F7BA9EF7-ADF7-40EF-9A9E-206649DBB10C}.Release|Any CPU.Build.0 = Release|Any CPU
		{B409B247-A311-42A9-B68D-76054D63DD7D}.Debug|Any CPU.ActiveCfg = Debug|Any CPU
		{B409B247-A311-42A9-B68D-76054D63DD7D}.Debug|Any CPU.Build.0 = Debug|Any CPU
		{B409B247-A311-42A9-B68D-76054D63DD7D}.Release|Any CPU.ActiveCfg = Release|Any CPU
		{B409B247-A311-42A9-B68D-76054D63DD7D}.Release|Any CPU.Build.0 = Release|Any CPU
	EndGlobalSection
	GlobalSection(SolutionProperties) = preSolution
		HideSolutionNode = FALSE
	EndGlobalSection
EndGlobal
