
Microsoft Visual Studio Solution File, Format Version 9.00
# Visual Studio 2005
Project("{8BC9CEB8-8B4A-11D0-8D11-00A0C91BC942}") = "activemq-cpp", "activemq-cpp.vcproj", "{E744443B-F34E-4416-B5E1-B04CB39DDFDE}"
EndProject
Project("{8BC9CEB8-8B4A-11D0-8D11-00A0C91BC942}") = "activemq-test", "activemq-test.vcproj", "{F411832D-FB46-446D-BB50-9A64C33341F9}"
	ProjectSection(ProjectDependencies) = postProject
		{E744443B-F34E-4416-B5E1-B04CB39DDFDE} = {E744443B-F34E-4416-B5E1-B04CB39DDFDE}
	EndProjectSection
EndProject
Global
	GlobalSection(SolutionConfigurationPlatforms) = preSolution
		Debug|Win32 = Debug|Win32
		Release|Win32 = Release|Win32
	EndGlobalSection
	GlobalSection(ProjectConfigurationPlatforms) = postSolution
		{E744443B-F34E-4416-B5E1-B04CB39DDFDE}.Debug|Win32.ActiveCfg = Debug|Win32
		{E744443B-F34E-4416-B5E1-B04CB39DDFDE}.Debug|Win32.Build.0 = Debug|Win32
		{E744443B-F34E-4416-B5E1-B04CB39DDFDE}.Release|Win32.ActiveCfg = Release|Win32
		{E744443B-F34E-4416-B5E1-B04CB39DDFDE}.Release|Win32.Build.0 = Release|Win32
		{F411832D-FB46-446D-BB50-9A64C33341F9}.Debug|Win32.ActiveCfg = Debug|Win32
		{F411832D-FB46-446D-BB50-9A64C33341F9}.Debug|Win32.Build.0 = Debug|Win32
		{F411832D-FB46-446D-BB50-9A64C33341F9}.Release|Win32.ActiveCfg = Release|Win32
		{F411832D-FB46-446D-BB50-9A64C33341F9}.Release|Win32.Build.0 = Release|Win32
	EndGlobalSection
	GlobalSection(SolutionProperties) = preSolution
		HideSolutionNode = FALSE
	EndGlobalSection
EndGlobal
