// !$*UTF8*$!
{
	archiveVersion = 1;
	classes = {
	};
	objectVersion = 42;
	objects = {

/* Begin PBXBuildFile section */
		5399F9F009FE612000665DCB /* ActiveMQConnection.cpp in Sources */ = {isa = PBXBuildFile; fileRef = 5399F98609FE612000665DCB /* ActiveMQConnection.cpp */; };
		5399F9F209FE612000665DCB /* ActiveMQConnectionFactory.cpp in Sources */ = {isa = PBXBuildFile; fileRef = 5399F98809FE612000665DCB /* ActiveMQConnectionFactory.cpp */; };
		5399F9F509FE612000665DCB /* ActiveMQPublisher.cpp in Sources */ = {isa = PBXBuildFile; fileRef = 5399F98B09FE612000665DCB /* ActiveMQPublisher.cpp */; };
		5399F9F709FE612000665DCB /* ActiveMQSession.cpp in Sources */ = {isa = PBXBuildFile; fileRef = 5399F98D09FE612000665DCB /* ActiveMQSession.cpp */; };
		5399F9F909FE612000665DCB /* ActiveMQSubscriber.cpp in Sources */ = {isa = PBXBuildFile; fileRef = 5399F98F09FE612000665DCB /* ActiveMQSubscriber.cpp */; };
		5399FA0009FE612000665DCB /* BufferedInputStream.cpp in Sources */ = {isa = PBXBuildFile; fileRef = 5399F99809FE612000665DCB /* BufferedInputStream.cpp */; };
		5399FA0209FE612000665DCB /* BufferedOutputStream.cpp in Sources */ = {isa = PBXBuildFile; fileRef = 5399F99A09FE612000665DCB /* BufferedOutputStream.cpp */; };
		5399FA0709FE612000665DCB /* Socket.cpp in Sources */ = {isa = PBXBuildFile; fileRef = 5399F99F09FE612000665DCB /* Socket.cpp */; };
		5399FA0A09FE612000665DCB /* SocketStream.cpp in Sources */ = {isa = PBXBuildFile; fileRef = 5399F9A209FE612000665DCB /* SocketStream.cpp */; };
		5399FA0C09FE612000665DCB /* PendingMessagePool.cpp in Sources */ = {isa = PBXBuildFile; fileRef = 5399F9A409FE612000665DCB /* PendingMessagePool.cpp */; };
		5399FA0F09FE612000665DCB /* AggregateProtocolAdapter.cpp in Sources */ = {isa = PBXBuildFile; fileRef = 5399F9A909FE612000665DCB /* AggregateProtocolAdapter.cpp */; };
		5399FA1709FE612000665DCB /* DestinationPool.cpp in Sources */ = {isa = PBXBuildFile; fileRef = 5399F9B109FE612000665DCB /* DestinationPool.cpp */; };
		5399FA1D09FE612000665DCB /* ProtocolAdapter.cpp in Sources */ = {isa = PBXBuildFile; fileRef = 5399F9B709FE612000665DCB /* ProtocolAdapter.cpp */; };
		5399FA2009FE612000665DCB /* StompFrame.cpp in Sources */ = {isa = PBXBuildFile; fileRef = 5399F9BA09FE612000665DCB /* StompFrame.cpp */; };
		5399FA2309FE612000665DCB /* StompIO.cpp in Sources */ = {isa = PBXBuildFile; fileRef = 5399F9BD09FE612000665DCB /* StompIO.cpp */; };
		5399FA2909FE612000665DCB /* StompTransport.cpp in Sources */ = {isa = PBXBuildFile; fileRef = 5399F9C309FE612000665DCB /* StompTransport.cpp */; };
		5399FA2B09FE612000665DCB /* StompTransportFactory.cpp in Sources */ = {isa = PBXBuildFile; fileRef = 5399F9C509FE612000665DCB /* StompTransportFactory.cpp */; };
		5399FA5009FE612000665DCB /* main.cpp in Sources */ = {isa = PBXBuildFile; fileRef = 5399F9EE09FE612000665DCB /* main.cpp */; };
/* End PBXBuildFile section */

/* Begin PBXBuildStyle section */
		014CEA460018CE2711CA2923 /* Debug */ = {
			isa = PBXBuildStyle;
			buildSettings = {
			};
			name = Debug;
		};
		014CEA470018CE2711CA2923 /* Release */ = {
			isa = PBXBuildStyle;
			buildSettings = {
			};
			name = Release;
		};
/* End PBXBuildStyle section */

/* Begin PBXCopyFilesBuildPhase section */
		8DD76F690486A84900D96B5E /* CopyFiles */ = {
			isa = PBXCopyFilesBuildPhase;
			buildActionMask = 8;
			dstPath = /usr/share/man/man1/;
			dstSubfolderSpec = 0;
			files = (
			);
			runOnlyForDeploymentPostprocessing = 1;
		};
/* End PBXCopyFilesBuildPhase section */

/* Begin PBXFileReference section */
		5399F98509FE612000665DCB /* ActiveMQBytesMessage.h */ = {isa = PBXFileReference; fileEncoding = 30; lastKnownFileType = sourcecode.c.h; path = ActiveMQBytesMessage.h; sourceTree = "<group>"; };
		5399F98609FE612000665DCB /* ActiveMQConnection.cpp */ = {isa = PBXFileReference; fileEncoding = 30; lastKnownFileType = sourcecode.cpp.cpp; path = ActiveMQConnection.cpp; sourceTree = "<group>"; };
		5399F98709FE612000665DCB /* ActiveMQConnection.h */ = {isa = PBXFileReference; fileEncoding = 30; lastKnownFileType = sourcecode.c.h; path = ActiveMQConnection.h; sourceTree = "<group>"; };
		5399F98809FE612000665DCB /* ActiveMQConnectionFactory.cpp */ = {isa = PBXFileReference; fileEncoding = 30; lastKnownFileType = sourcecode.cpp.cpp; path = ActiveMQConnectionFactory.cpp; sourceTree = "<group>"; };
		5399F98909FE612000665DCB /* ActiveMQConnectionFactory.h */ = {isa = PBXFileReference; fileEncoding = 30; lastKnownFileType = sourcecode.c.h; path = ActiveMQConnectionFactory.h; sourceTree = "<group>"; };
		5399F98A09FE612000665DCB /* ActiveMQException.h */ = {isa = PBXFileReference; fileEncoding = 30; lastKnownFileType = sourcecode.c.h; path = ActiveMQException.h; sourceTree = "<group>"; };
		5399F98B09FE612000665DCB /* ActiveMQPublisher.cpp */ = {isa = PBXFileReference; fileEncoding = 30; lastKnownFileType = sourcecode.cpp.cpp; path = ActiveMQPublisher.cpp; sourceTree = "<group>"; };
		5399F98C09FE612000665DCB /* ActiveMQPublisher.h */ = {isa = PBXFileReference; fileEncoding = 30; lastKnownFileType = sourcecode.c.h; path = ActiveMQPublisher.h; sourceTree = "<group>"; };
		5399F98D09FE612000665DCB /* ActiveMQSession.cpp */ = {isa = PBXFileReference; fileEncoding = 30; lastKnownFileType = sourcecode.cpp.cpp; path = ActiveMQSession.cpp; sourceTree = "<group>"; };
		5399F98E09FE612000665DCB /* ActiveMQSession.h */ = {isa = PBXFileReference; fileEncoding = 30; lastKnownFileType = sourcecode.c.h; path = ActiveMQSession.h; sourceTree = "<group>"; };
		5399F98F09FE612000665DCB /* ActiveMQSubscriber.cpp */ = {isa = PBXFileReference; fileEncoding = 30; lastKnownFileType = sourcecode.cpp.cpp; path = ActiveMQSubscriber.cpp; sourceTree = "<group>"; };
		5399F99009FE612000665DCB /* ActiveMQSubscriber.h */ = {isa = PBXFileReference; fileEncoding = 30; lastKnownFileType = sourcecode.c.h; path = ActiveMQSubscriber.h; sourceTree = "<group>"; };
		5399F99109FE612000665DCB /* ActiveMQTextMessage.h */ = {isa = PBXFileReference; fileEncoding = 30; lastKnownFileType = sourcecode.c.h; path = ActiveMQTextMessage.h; sourceTree = "<group>"; };
		5399F99209FE612000665DCB /* ActiveMQTopic.h */ = {isa = PBXFileReference; fileEncoding = 30; lastKnownFileType = sourcecode.c.h; path = ActiveMQTopic.h; sourceTree = "<group>"; };
		5399F99409FE612000665DCB /* Lock.h */ = {isa = PBXFileReference; fileEncoding = 30; lastKnownFileType = sourcecode.c.h; path = Lock.h; sourceTree = "<group>"; };
		5399F99509FE612000665DCB /* Mutex.h */ = {isa = PBXFileReference; fileEncoding = 30; lastKnownFileType = sourcecode.c.h; path = Mutex.h; sourceTree = "<group>"; };
		5399F99609FE612000665DCB /* Synchronizable.h */ = {isa = PBXFileReference; fileEncoding = 30; lastKnownFileType = sourcecode.c.h; path = Synchronizable.h; sourceTree = "<group>"; };
		5399F99809FE612000665DCB /* BufferedInputStream.cpp */ = {isa = PBXFileReference; fileEncoding = 30; lastKnownFileType = sourcecode.cpp.cpp; path = BufferedInputStream.cpp; sourceTree = "<group>"; };
		5399F99909FE612000665DCB /* BufferedInputStream.h */ = {isa = PBXFileReference; fileEncoding = 30; lastKnownFileType = sourcecode.c.h; path = BufferedInputStream.h; sourceTree = "<group>"; };
		5399F99A09FE612000665DCB /* BufferedOutputStream.cpp */ = {isa = PBXFileReference; fileEncoding = 30; lastKnownFileType = sourcecode.cpp.cpp; path = BufferedOutputStream.cpp; sourceTree = "<group>"; };
		5399F99B09FE612000665DCB /* BufferedOutputStream.h */ = {isa = PBXFileReference; fileEncoding = 30; lastKnownFileType = sourcecode.c.h; path = BufferedOutputStream.h; sourceTree = "<group>"; };
		5399F99C09FE612000665DCB /* InputStream.h */ = {isa = PBXFileReference; fileEncoding = 30; lastKnownFileType = sourcecode.c.h; path = InputStream.h; sourceTree = "<group>"; };
		5399F99D09FE612000665DCB /* IOException.h */ = {isa = PBXFileReference; fileEncoding = 30; lastKnownFileType = sourcecode.c.h; path = IOException.h; sourceTree = "<group>"; };
		5399F99E09FE612000665DCB /* OutputStream.h */ = {isa = PBXFileReference; fileEncoding = 30; lastKnownFileType = sourcecode.c.h; path = OutputStream.h; sourceTree = "<group>"; };
		5399F99F09FE612000665DCB /* Socket.cpp */ = {isa = PBXFileReference; fileEncoding = 30; lastKnownFileType = sourcecode.cpp.cpp; path = Socket.cpp; sourceTree = "<group>"; };
		5399F9A009FE612000665DCB /* Socket.h */ = {isa = PBXFileReference; fileEncoding = 30; lastKnownFileType = sourcecode.c.h; path = Socket.h; sourceTree = "<group>"; };
		5399F9A109FE612000665DCB /* SocketException.h */ = {isa = PBXFileReference; fileEncoding = 30; lastKnownFileType = sourcecode.c.h; path = SocketException.h; sourceTree = "<group>"; };
		5399F9A209FE612000665DCB /* SocketStream.cpp */ = {isa = PBXFileReference; fileEncoding = 30; lastKnownFileType = sourcecode.cpp.cpp; path = SocketStream.cpp; sourceTree = "<group>"; };
		5399F9A309FE612000665DCB /* SocketStream.h */ = {isa = PBXFileReference; fileEncoding = 30; lastKnownFileType = sourcecode.c.h; path = SocketStream.h; sourceTree = "<group>"; };
		5399F9A409FE612000665DCB /* PendingMessagePool.cpp */ = {isa = PBXFileReference; fileEncoding = 30; lastKnownFileType = sourcecode.cpp.cpp; path = PendingMessagePool.cpp; sourceTree = "<group>"; };
		5399F9A509FE612000665DCB /* PendingMessagePool.h */ = {isa = PBXFileReference; fileEncoding = 30; lastKnownFileType = sourcecode.c.h; path = PendingMessagePool.h; sourceTree = "<group>"; };
		5399F9A609FE612000665DCB /* PendingMessagePoolSession.h */ = {isa = PBXFileReference; fileEncoding = 30; lastKnownFileType = sourcecode.c.h; path = PendingMessagePoolSession.h; sourceTree = "<group>"; };
		5399F9A909FE612000665DCB /* AggregateProtocolAdapter.cpp */ = {isa = PBXFileReference; fileEncoding = 30; lastKnownFileType = sourcecode.cpp.cpp; path = AggregateProtocolAdapter.cpp; sourceTree = "<group>"; };
		5399F9AA09FE612000665DCB /* AggregateProtocolAdapter.h */ = {isa = PBXFileReference; fileEncoding = 30; lastKnownFileType = sourcecode.c.h; path = AggregateProtocolAdapter.h; sourceTree = "<group>"; };
		5399F9AB09FE612000665DCB /* BytesProtocolAdapter.h */ = {isa = PBXFileReference; fileEncoding = 30; lastKnownFileType = sourcecode.c.h; path = BytesProtocolAdapter.h; sourceTree = "<group>"; };
		5399F9AC09FE612000665DCB /* ConnectedMessage.h */ = {isa = PBXFileReference; fileEncoding = 30; lastKnownFileType = sourcecode.c.h; path = ConnectedMessage.h; sourceTree = "<group>"; };
		5399F9AD09FE612000665DCB /* ConnectedProtocolAdapter.h */ = {isa = PBXFileReference; fileEncoding = 30; lastKnownFileType = sourcecode.c.h; path = ConnectedProtocolAdapter.h; sourceTree = "<group>"; };
		5399F9AE09FE612000665DCB /* ConnectMessage.h */ = {isa = PBXFileReference; fileEncoding = 30; lastKnownFileType = sourcecode.c.h; path = ConnectMessage.h; sourceTree = "<group>"; };
		5399F9AF09FE612000665DCB /* ConnectProtocolAdapter.h */ = {isa = PBXFileReference; fileEncoding = 30; lastKnownFileType = sourcecode.c.h; path = ConnectProtocolAdapter.h; sourceTree = "<group>"; };
		5399F9B009FE612000665DCB /* DestinationMessage.h */ = {isa = PBXFileReference; fileEncoding = 30; lastKnownFileType = sourcecode.c.h; path = DestinationMessage.h; sourceTree = "<group>"; };
		5399F9B109FE612000665DCB /* DestinationPool.cpp */ = {isa = PBXFileReference; fileEncoding = 30; lastKnownFileType = sourcecode.cpp.cpp; path = DestinationPool.cpp; sourceTree = "<group>"; };
		5399F9B209FE612000665DCB /* DestinationPool.h */ = {isa = PBXFileReference; fileEncoding = 30; lastKnownFileType = sourcecode.c.h; path = DestinationPool.h; sourceTree = "<group>"; };
		5399F9B309FE612000665DCB /* DisconnectMessage.h */ = {isa = PBXFileReference; fileEncoding = 30; lastKnownFileType = sourcecode.c.h; path = DisconnectMessage.h; sourceTree = "<group>"; };
		5399F9B409FE612000665DCB /* DisconnectProtocolAdapter.h */ = {isa = PBXFileReference; fileEncoding = 30; lastKnownFileType = sourcecode.c.h; path = DisconnectProtocolAdapter.h; sourceTree = "<group>"; };
		5399F9B509FE612000665DCB /* ErrorMessage.h */ = {isa = PBXFileReference; fileEncoding = 30; lastKnownFileType = sourcecode.c.h; path = ErrorMessage.h; sourceTree = "<group>"; };
		5399F9B609FE612000665DCB /* ErrorProtocolAdapter.h */ = {isa = PBXFileReference; fileEncoding = 30; lastKnownFileType = sourcecode.c.h; path = ErrorProtocolAdapter.h; sourceTree = "<group>"; };
		5399F9B709FE612000665DCB /* ProtocolAdapter.cpp */ = {isa = PBXFileReference; fileEncoding = 30; lastKnownFileType = sourcecode.cpp.cpp; path = ProtocolAdapter.cpp; sourceTree = "<group>"; };
		5399F9B809FE612000665DCB /* ProtocolAdapter.h */ = {isa = PBXFileReference; fileEncoding = 30; lastKnownFileType = sourcecode.c.h; path = ProtocolAdapter.h; sourceTree = "<group>"; };
		5399F9B909FE612000665DCB /* StompBytesMessage.h */ = {isa = PBXFileReference; fileEncoding = 30; lastKnownFileType = sourcecode.c.h; path = StompBytesMessage.h; sourceTree = "<group>"; };
		5399F9BA09FE612000665DCB /* StompFrame.cpp */ = {isa = PBXFileReference; fileEncoding = 30; lastKnownFileType = sourcecode.cpp.cpp; path = StompFrame.cpp; sourceTree = "<group>"; };
		5399F9BB09FE612000665DCB /* StompFrame.h */ = {isa = PBXFileReference; fileEncoding = 30; lastKnownFileType = sourcecode.c.h; path = StompFrame.h; sourceTree = "<group>"; };
		5399F9BC09FE612000665DCB /* StompInputStream.h */ = {isa = PBXFileReference; fileEncoding = 30; lastKnownFileType = sourcecode.c.h; path = StompInputStream.h; sourceTree = "<group>"; };
		5399F9BD09FE612000665DCB /* StompIO.cpp */ = {isa = PBXFileReference; fileEncoding = 30; lastKnownFileType = sourcecode.cpp.cpp; path = StompIO.cpp; sourceTree = "<group>"; };
		5399F9BE09FE612000665DCB /* StompIO.h */ = {isa = PBXFileReference; fileEncoding = 30; lastKnownFileType = sourcecode.c.h; path = StompIO.h; sourceTree = "<group>"; };
		5399F9BF09FE612000665DCB /* StompMessage.h */ = {isa = PBXFileReference; fileEncoding = 30; lastKnownFileType = sourcecode.c.h; path = StompMessage.h; sourceTree = "<group>"; };
		5399F9C009FE612000665DCB /* StompMessageListener.h */ = {isa = PBXFileReference; fileEncoding = 30; lastKnownFileType = sourcecode.c.h; path = StompMessageListener.h; sourceTree = "<group>"; };
		5399F9C109FE612000665DCB /* StompOutputStream.h */ = {isa = PBXFileReference; fileEncoding = 30; lastKnownFileType = sourcecode.c.h; path = StompOutputStream.h; sourceTree = "<group>"; };
		5399F9C209FE612000665DCB /* StompTextMessage.h */ = {isa = PBXFileReference; fileEncoding = 30; lastKnownFileType = sourcecode.c.h; path = StompTextMessage.h; sourceTree = "<group>"; };
		5399F9C309FE612000665DCB /* StompTransport.cpp */ = {isa = PBXFileReference; fileEncoding = 30; lastKnownFileType = sourcecode.cpp.cpp; path = StompTransport.cpp; sourceTree = "<group>"; };
		5399F9C409FE612000665DCB /* StompTransport.h */ = {isa = PBXFileReference; fileEncoding = 30; lastKnownFileType = sourcecode.c.h; path = StompTransport.h; sourceTree = "<group>"; };
		5399F9C509FE612000665DCB /* StompTransportFactory.cpp */ = {isa = PBXFileReference; fileEncoding = 30; lastKnownFileType = sourcecode.cpp.cpp; path = StompTransportFactory.cpp; sourceTree = "<group>"; };
		5399F9C609FE612000665DCB /* StompTransportFactory.h */ = {isa = PBXFileReference; fileEncoding = 30; lastKnownFileType = sourcecode.c.h; path = StompTransportFactory.h; sourceTree = "<group>"; };
		5399F9C709FE612000665DCB /* SubscribeMessage.h */ = {isa = PBXFileReference; fileEncoding = 30; lastKnownFileType = sourcecode.c.h; path = SubscribeMessage.h; sourceTree = "<group>"; };
		5399F9C809FE612000665DCB /* SubscribeProtocolAdapter.h */ = {isa = PBXFileReference; fileEncoding = 30; lastKnownFileType = sourcecode.c.h; path = SubscribeProtocolAdapter.h; sourceTree = "<group>"; };
		5399F9C909FE612000665DCB /* TextProtocolAdapter.h */ = {isa = PBXFileReference; fileEncoding = 30; lastKnownFileType = sourcecode.c.h; path = TextProtocolAdapter.h; sourceTree = "<group>"; };
		5399F9CA09FE612000665DCB /* TransactionMessage.h */ = {isa = PBXFileReference; fileEncoding = 30; lastKnownFileType = sourcecode.c.h; path = TransactionMessage.h; sourceTree = "<group>"; };
		5399F9CB09FE612000665DCB /* UnsubscribeMessage.h */ = {isa = PBXFileReference; fileEncoding = 30; lastKnownFileType = sourcecode.c.h; path = UnsubscribeMessage.h; sourceTree = "<group>"; };
		5399F9CC09FE612000665DCB /* UnsubscribeProtocolAdapter.h */ = {isa = PBXFileReference; fileEncoding = 30; lastKnownFileType = sourcecode.c.h; path = UnsubscribeProtocolAdapter.h; sourceTree = "<group>"; };
		5399F9CD09FE612000665DCB /* TopicListener.h */ = {isa = PBXFileReference; fileEncoding = 30; lastKnownFileType = sourcecode.c.h; path = TopicListener.h; sourceTree = "<group>"; };
		5399F9CE09FE612000665DCB /* Transport.h */ = {isa = PBXFileReference; fileEncoding = 30; lastKnownFileType = sourcecode.c.h; path = Transport.h; sourceTree = "<group>"; };
		5399F9CF09FE612000665DCB /* TransportFactory.h */ = {isa = PBXFileReference; fileEncoding = 30; lastKnownFileType = sourcecode.c.h; path = TransportFactory.h; sourceTree = "<group>"; };
		5399F9D309FE612000665DCB /* BytesMessage.h */ = {isa = PBXFileReference; fileEncoding = 30; lastKnownFileType = sourcecode.c.h; path = BytesMessage.h; sourceTree = "<group>"; };
		5399F9D409FE612000665DCB /* Closeable.h */ = {isa = PBXFileReference; fileEncoding = 30; lastKnownFileType = sourcecode.c.h; path = Closeable.h; sourceTree = "<group>"; };
		5399F9D509FE612000665DCB /* CMSException.h */ = {isa = PBXFileReference; fileEncoding = 30; lastKnownFileType = sourcecode.c.h; path = CMSException.h; sourceTree = "<group>"; };
		5399F9D609FE612000665DCB /* Connection.h */ = {isa = PBXFileReference; fileEncoding = 30; lastKnownFileType = sourcecode.c.h; path = Connection.h; sourceTree = "<group>"; };
		5399F9D709FE612000665DCB /* ConnectionFactory.h */ = {isa = PBXFileReference; fileEncoding = 30; lastKnownFileType = sourcecode.c.h; path = ConnectionFactory.h; sourceTree = "<group>"; };
		5399F9D809FE612000665DCB /* Destination.h */ = {isa = PBXFileReference; fileEncoding = 30; lastKnownFileType = sourcecode.c.h; path = Destination.h; sourceTree = "<group>"; };
		5399F9D909FE612000665DCB /* ExceptionListener.h */ = {isa = PBXFileReference; fileEncoding = 30; lastKnownFileType = sourcecode.c.h; path = ExceptionListener.h; sourceTree = "<group>"; };
		5399F9DA09FE612000665DCB /* Message.h */ = {isa = PBXFileReference; fileEncoding = 30; lastKnownFileType = sourcecode.c.h; path = Message.h; sourceTree = "<group>"; };
		5399F9DB09FE612000665DCB /* MessageConsumer.h */ = {isa = PBXFileReference; fileEncoding = 30; lastKnownFileType = sourcecode.c.h; path = MessageConsumer.h; sourceTree = "<group>"; };
		5399F9DC09FE612000665DCB /* MessageListener.h */ = {isa = PBXFileReference; fileEncoding = 30; lastKnownFileType = sourcecode.c.h; path = MessageListener.h; sourceTree = "<group>"; };
		5399F9DD09FE612000665DCB /* MessageProducer.h */ = {isa = PBXFileReference; fileEncoding = 30; lastKnownFileType = sourcecode.c.h; path = MessageProducer.h; sourceTree = "<group>"; };
		5399F9DE09FE612000665DCB /* Queue.h */ = {isa = PBXFileReference; fileEncoding = 30; lastKnownFileType = sourcecode.c.h; path = Queue.h; sourceTree = "<group>"; };
		5399F9DF09FE612000665DCB /* Service.h */ = {isa = PBXFileReference; fileEncoding = 30; lastKnownFileType = sourcecode.c.h; path = Service.h; sourceTree = "<group>"; };
		5399F9E009FE612000665DCB /* Session.h */ = {isa = PBXFileReference; fileEncoding = 30; lastKnownFileType = sourcecode.c.h; path = Session.h; sourceTree = "<group>"; };
		5399F9E109FE612000665DCB /* TextMessage.h */ = {isa = PBXFileReference; fileEncoding = 30; lastKnownFileType = sourcecode.c.h; path = TextMessage.h; sourceTree = "<group>"; };
		5399F9E209FE612000665DCB /* Topic.h */ = {isa = PBXFileReference; fileEncoding = 30; lastKnownFileType = sourcecode.c.h; path = Topic.h; sourceTree = "<group>"; };
		5399F9E309FE612000665DCB /* TopicConnection.h */ = {isa = PBXFileReference; fileEncoding = 30; lastKnownFileType = sourcecode.c.h; path = TopicConnection.h; sourceTree = "<group>"; };
		5399F9E409FE612000665DCB /* TopicConnectionFactory.h */ = {isa = PBXFileReference; fileEncoding = 30; lastKnownFileType = sourcecode.c.h; path = TopicConnectionFactory.h; sourceTree = "<group>"; };
		5399F9E509FE612000665DCB /* TopicPublisher.h */ = {isa = PBXFileReference; fileEncoding = 30; lastKnownFileType = sourcecode.c.h; path = TopicPublisher.h; sourceTree = "<group>"; };
		5399F9E609FE612000665DCB /* TopicSession.h */ = {isa = PBXFileReference; fileEncoding = 30; lastKnownFileType = sourcecode.c.h; path = TopicSession.h; sourceTree = "<group>"; };
		5399F9E709FE612000665DCB /* TopicSubscriber.h */ = {isa = PBXFileReference; fileEncoding = 30; lastKnownFileType = sourcecode.c.h; path = TopicSubscriber.h; sourceTree = "<group>"; };
		5399F9E809FE612000665DCB /* TransactionController.h */ = {isa = PBXFileReference; fileEncoding = 30; lastKnownFileType = sourcecode.c.h; path = TransactionController.h; sourceTree = "<group>"; };
		5399F9E909FE612000665DCB /* XAResource.h */ = {isa = PBXFileReference; fileEncoding = 30; lastKnownFileType = sourcecode.c.h; path = XAResource.h; sourceTree = "<group>"; };
		5399F9EA09FE612000665DCB /* XASession.h */ = {isa = PBXFileReference; fileEncoding = 30; lastKnownFileType = sourcecode.c.h; path = XASession.h; sourceTree = "<group>"; };
		5399F9EB09FE612000665DCB /* XATopicSession.h */ = {isa = PBXFileReference; fileEncoding = 30; lastKnownFileType = sourcecode.c.h; path = XATopicSession.h; sourceTree = "<group>"; };
		5399F9EC09FE612000665DCB /* Xid.h */ = {isa = PBXFileReference; fileEncoding = 30; lastKnownFileType = sourcecode.c.h; path = Xid.h; sourceTree = "<group>"; };
		5399F9EE09FE612000665DCB /* main.cpp */ = {isa = PBXFileReference; fileEncoding = 30; lastKnownFileType = sourcecode.cpp.cpp; path = main.cpp; sourceTree = "<group>"; };
		8DD76F6C0486A84900D96B5E /* cms */ = {isa = PBXFileReference; explicitFileType = "compiled.mach-o.executable"; includeInIndex = 0; path = cms; sourceTree = BUILT_PRODUCTS_DIR; };
/* End PBXFileReference section */

/* Begin PBXFrameworksBuildPhase section */
		8DD76F660486A84900D96B5E /* Frameworks */ = {
			isa = PBXFrameworksBuildPhase;
			buildActionMask = 2147483647;
			files = (
			);
			runOnlyForDeploymentPostprocessing = 0;
		};
/* End PBXFrameworksBuildPhase section */

/* Begin PBXGroup section */
		08FB7794FE84155DC02AAC07 /* cms */ = {
			isa = PBXGroup;
			children = (
				5399F98209FE612000665DCB /* activemqcms */,
				5399F9D009FE612000665DCB /* cms */,
				5399F9ED09FE612000665DCB /* test */,
				1AB674ADFE9D54B511CA2CBB /* Products */,
			);
			name = cms;
			sourceTree = "<group>";
		};
		1AB674ADFE9D54B511CA2CBB /* Products */ = {
			isa = PBXGroup;
			children = (
				8DD76F6C0486A84900D96B5E /* cms */,
			);
			name = Products;
			sourceTree = "<group>";
		};
		5399F98209FE612000665DCB /* activemqcms */ = {
			isa = PBXGroup;
			children = (
				5399F98309FE612000665DCB /* src */,
			);
			path = activemqcms;
			sourceTree = "<group>";
		};
		5399F98309FE612000665DCB /* src */ = {
			isa = PBXGroup;
			children = (
				5399F98409FE612000665DCB /* activemq */,
			);
			path = src;
			sourceTree = "<group>";
		};
		5399F98409FE612000665DCB /* activemq */ = {
			isa = PBXGroup;
			children = (
				5399F98509FE612000665DCB /* ActiveMQBytesMessage.h */,
				5399F98609FE612000665DCB /* ActiveMQConnection.cpp */,
				5399F98709FE612000665DCB /* ActiveMQConnection.h */,
				5399F98809FE612000665DCB /* ActiveMQConnectionFactory.cpp */,
				5399F98909FE612000665DCB /* ActiveMQConnectionFactory.h */,
				5399F98A09FE612000665DCB /* ActiveMQException.h */,
				5399F98B09FE612000665DCB /* ActiveMQPublisher.cpp */,
				5399F98C09FE612000665DCB /* ActiveMQPublisher.h */,
				5399F98D09FE612000665DCB /* ActiveMQSession.cpp */,
				5399F98E09FE612000665DCB /* ActiveMQSession.h */,
				5399F98F09FE612000665DCB /* ActiveMQSubscriber.cpp */,
				5399F99009FE612000665DCB /* ActiveMQSubscriber.h */,
				5399F99109FE612000665DCB /* ActiveMQTextMessage.h */,
				5399F99209FE612000665DCB /* ActiveMQTopic.h */,
				5399F99309FE612000665DCB /* concurrent */,
				5399F99709FE612000665DCB /* io */,
				5399F9A409FE612000665DCB /* PendingMessagePool.cpp */,
				5399F9A509FE612000665DCB /* PendingMessagePool.h */,
				5399F9A609FE612000665DCB /* PendingMessagePoolSession.h */,
				5399F9A709FE612000665DCB /* transport */,
			);
			path = activemq;
			sourceTree = "<group>";
		};
		5399F99309FE612000665DCB /* concurrent */ = {
			isa = PBXGroup;
			children = (
				5399F99409FE612000665DCB /* Lock.h */,
				5399F99509FE612000665DCB /* Mutex.h */,
				5399F99609FE612000665DCB /* Synchronizable.h */,
			);
			path = concurrent;
			sourceTree = "<group>";
		};
		5399F99709FE612000665DCB /* io */ = {
			isa = PBXGroup;
			children = (
				5399F99809FE612000665DCB /* BufferedInputStream.cpp */,
				5399F99909FE612000665DCB /* BufferedInputStream.h */,
				5399F99A09FE612000665DCB /* BufferedOutputStream.cpp */,
				5399F99B09FE612000665DCB /* BufferedOutputStream.h */,
				5399F99C09FE612000665DCB /* InputStream.h */,
				5399F99D09FE612000665DCB /* IOException.h */,
				5399F99E09FE612000665DCB /* OutputStream.h */,
				5399F99F09FE612000665DCB /* Socket.cpp */,
				5399F9A009FE612000665DCB /* Socket.h */,
				5399F9A109FE612000665DCB /* SocketException.h */,
				5399F9A209FE612000665DCB /* SocketStream.cpp */,
				5399F9A309FE612000665DCB /* SocketStream.h */,
			);
			path = io;
			sourceTree = "<group>";
		};
		5399F9A709FE612000665DCB /* transport */ = {
			isa = PBXGroup;
			children = (
				5399F9A809FE612000665DCB /* stomp */,
				5399F9CD09FE612000665DCB /* TopicListener.h */,
				5399F9CE09FE612000665DCB /* Transport.h */,
				5399F9CF09FE612000665DCB /* TransportFactory.h */,
			);
			path = transport;
			sourceTree = "<group>";
		};
		5399F9A809FE612000665DCB /* stomp */ = {
			isa = PBXGroup;
			children = (
				5399F9A909FE612000665DCB /* AggregateProtocolAdapter.cpp */,
				5399F9AA09FE612000665DCB /* AggregateProtocolAdapter.h */,
				5399F9AB09FE612000665DCB /* BytesProtocolAdapter.h */,
				5399F9AC09FE612000665DCB /* ConnectedMessage.h */,
				5399F9AD09FE612000665DCB /* ConnectedProtocolAdapter.h */,
				5399F9AE09FE612000665DCB /* ConnectMessage.h */,
				5399F9AF09FE612000665DCB /* ConnectProtocolAdapter.h */,
				5399F9B009FE612000665DCB /* DestinationMessage.h */,
				5399F9B109FE612000665DCB /* DestinationPool.cpp */,
				5399F9B209FE612000665DCB /* DestinationPool.h */,
				5399F9B309FE612000665DCB /* DisconnectMessage.h */,
				5399F9B409FE612000665DCB /* DisconnectProtocolAdapter.h */,
				5399F9B509FE612000665DCB /* ErrorMessage.h */,
				5399F9B609FE612000665DCB /* ErrorProtocolAdapter.h */,
				5399F9B709FE612000665DCB /* ProtocolAdapter.cpp */,
				5399F9B809FE612000665DCB /* ProtocolAdapter.h */,
				5399F9B909FE612000665DCB /* StompBytesMessage.h */,
				5399F9BA09FE612000665DCB /* StompFrame.cpp */,
				5399F9BB09FE612000665DCB /* StompFrame.h */,
				5399F9BC09FE612000665DCB /* StompInputStream.h */,
				5399F9BD09FE612000665DCB /* StompIO.cpp */,
				5399F9BE09FE612000665DCB /* StompIO.h */,
				5399F9BF09FE612000665DCB /* StompMessage.h */,
				5399F9C009FE612000665DCB /* StompMessageListener.h */,
				5399F9C109FE612000665DCB /* StompOutputStream.h */,
				5399F9C209FE612000665DCB /* StompTextMessage.h */,
				5399F9C309FE612000665DCB /* StompTransport.cpp */,
				5399F9C409FE612000665DCB /* StompTransport.h */,
				5399F9C509FE612000665DCB /* StompTransportFactory.cpp */,
				5399F9C609FE612000665DCB /* StompTransportFactory.h */,
				5399F9C709FE612000665DCB /* SubscribeMessage.h */,
				5399F9C809FE612000665DCB /* SubscribeProtocolAdapter.h */,
				5399F9C909FE612000665DCB /* TextProtocolAdapter.h */,
				5399F9CA09FE612000665DCB /* TransactionMessage.h */,
				5399F9CB09FE612000665DCB /* UnsubscribeMessage.h */,
				5399F9CC09FE612000665DCB /* UnsubscribeProtocolAdapter.h */,
			);
			path = stomp;
			sourceTree = "<group>";
		};
		5399F9D009FE612000665DCB /* cms */ = {
			isa = PBXGroup;
			children = (
				5399F9D109FE612000665DCB /* src */,
			);
			path = cms;
			sourceTree = "<group>";
		};
		5399F9D109FE612000665DCB /* src */ = {
			isa = PBXGroup;
			children = (
				5399F9D209FE612000665DCB /* cms */,
			);
			path = src;
			sourceTree = "<group>";
		};
		5399F9D209FE612000665DCB /* cms */ = {
			isa = PBXGroup;
			children = (
				5399F9D309FE612000665DCB /* BytesMessage.h */,
				5399F9D409FE612000665DCB /* Closeable.h */,
				5399F9D509FE612000665DCB /* CMSException.h */,
				5399F9D609FE612000665DCB /* Connection.h */,
				5399F9D709FE612000665DCB /* ConnectionFactory.h */,
				5399F9D809FE612000665DCB /* Destination.h */,
				5399F9D909FE612000665DCB /* ExceptionListener.h */,
				5399F9DA09FE612000665DCB /* Message.h */,
				5399F9DB09FE612000665DCB /* MessageConsumer.h */,
				5399F9DC09FE612000665DCB /* MessageListener.h */,
				5399F9DD09FE612000665DCB /* MessageProducer.h */,
				5399F9DE09FE612000665DCB /* Queue.h */,
				5399F9DF09FE612000665DCB /* Service.h */,
				5399F9E009FE612000665DCB /* Session.h */,
				5399F9E109FE612000665DCB /* TextMessage.h */,
				5399F9E209FE612000665DCB /* Topic.h */,
				5399F9E309FE612000665DCB /* TopicConnection.h */,
				5399F9E409FE612000665DCB /* TopicConnectionFactory.h */,
				5399F9E509FE612000665DCB /* TopicPublisher.h */,
				5399F9E609FE612000665DCB /* TopicSession.h */,
				5399F9E709FE612000665DCB /* TopicSubscriber.h */,
				5399F9E809FE612000665DCB /* TransactionController.h */,
				5399F9E909FE612000665DCB /* XAResource.h */,
				5399F9EA09FE612000665DCB /* XASession.h */,
				5399F9EB09FE612000665DCB /* XATopicSession.h */,
				5399F9EC09FE612000665DCB /* Xid.h */,
			);
			path = cms;
			sourceTree = "<group>";
		};
		5399F9ED09FE612000665DCB /* test */ = {
			isa = PBXGroup;
			children = (
				5399F9EE09FE612000665DCB /* main.cpp */,
			);
			path = test;
			sourceTree = "<group>";
		};
/* End PBXGroup section */

/* Begin PBXNativeTarget section */
		8DD76F620486A84900D96B5E /* cms-test */ = {
			isa = PBXNativeTarget;
			buildConfigurationList = 1DEB923108733DC60010E9CD /* Build configuration list for PBXNativeTarget "cms-test" */;
			buildPhases = (
				8DD76F640486A84900D96B5E /* Sources */,
				8DD76F660486A84900D96B5E /* Frameworks */,
				8DD76F690486A84900D96B5E /* CopyFiles */,
			);
			buildRules = (
			);
			buildSettings = {
			};
			dependencies = (
			);
			name = "cms-test";
			productInstallPath = "$(HOME)/bin";
			productName = cms;
			productReference = 8DD76F6C0486A84900D96B5E /* cms */;
			productType = "com.apple.product-type.tool";
		};
/* End PBXNativeTarget section */

/* Begin PBXProject section */
		08FB7793FE84155DC02AAC07 /* Project object */ = {
			isa = PBXProject;
			buildConfigurationList = 1DEB923508733DC60010E9CD /* Build configuration list for PBXProject "cms" */;
			buildSettings = {
			};
			buildStyles = (
				014CEA460018CE2711CA2923 /* Debug */,
				014CEA470018CE2711CA2923 /* Release */,
			);
			hasScannedForEncodings = 1;
			mainGroup = 08FB7794FE84155DC02AAC07 /* cms */;
			projectDirPath = "";
			targets = (
				8DD76F620486A84900D96B5E /* cms-test */,
			);
		};
/* End PBXProject section */

/* Begin PBXSourcesBuildPhase section */
		8DD76F640486A84900D96B5E /* Sources */ = {
			isa = PBXSourcesBuildPhase;
			buildActionMask = 2147483647;
			files = (
				5399F9F009FE612000665DCB /* ActiveMQConnection.cpp in Sources */,
				5399F9F209FE612000665DCB /* ActiveMQConnectionFactory.cpp in Sources */,
				5399F9F509FE612000665DCB /* ActiveMQPublisher.cpp in Sources */,
				5399F9F709FE612000665DCB /* ActiveMQSession.cpp in Sources */,
				5399F9F909FE612000665DCB /* ActiveMQSubscriber.cpp in Sources */,
				5399FA0009FE612000665DCB /* BufferedInputStream.cpp in Sources */,
				5399FA0209FE612000665DCB /* BufferedOutputStream.cpp in Sources */,
				5399FA0709FE612000665DCB /* Socket.cpp in Sources */,
				5399FA0A09FE612000665DCB /* SocketStream.cpp in Sources */,
				5399FA0C09FE612000665DCB /* PendingMessagePool.cpp in Sources */,
				5399FA0F09FE612000665DCB /* AggregateProtocolAdapter.cpp in Sources */,
				5399FA1709FE612000665DCB /* DestinationPool.cpp in Sources */,
				5399FA1D09FE612000665DCB /* ProtocolAdapter.cpp in Sources */,
				5399FA2009FE612000665DCB /* StompFrame.cpp in Sources */,
				5399FA2309FE612000665DCB /* StompIO.cpp in Sources */,
				5399FA2909FE612000665DCB /* StompTransport.cpp in Sources */,
				5399FA2B09FE612000665DCB /* StompTransportFactory.cpp in Sources */,
				5399FA5009FE612000665DCB /* main.cpp in Sources */,
			);
			runOnlyForDeploymentPostprocessing = 0;
		};
/* End PBXSourcesBuildPhase section */

/* Begin XCBuildConfiguration section */
		1DEB923208733DC60010E9CD /* Debug */ = {
			isa = XCBuildConfiguration;
			buildSettings = {
				COPY_PHASE_STRIP = NO;
				GCC_DYNAMIC_NO_PIC = NO;
				GCC_ENABLE_FIX_AND_CONTINUE = YES;
				GCC_MODEL_TUNING = G5;
				GCC_OPTIMIZATION_LEVEL = 0;
				INSTALL_PATH = "$(HOME)/bin";
				PRODUCT_NAME = cms;
				ZERO_LINK = YES;
			};
			name = Debug;
		};
		1DEB923308733DC60010E9CD /* Release */ = {
			isa = XCBuildConfiguration;
			buildSettings = {
				ARCHS = (
					ppc,
					i386,
				);
				GCC_GENERATE_DEBUGGING_SYMBOLS = NO;
				GCC_MODEL_TUNING = G5;
				INSTALL_PATH = "$(HOME)/bin";
				PRODUCT_NAME = cms;
			};
			name = Release;
		};
		1DEB923608733DC60010E9CD /* Debug */ = {
			isa = XCBuildConfiguration;
			buildSettings = {
				ARCHS = (
					ppc,
					i386,
				);
				GCC_WARN_ABOUT_RETURN_TYPE = YES;
				GCC_WARN_UNUSED_VARIABLE = YES;
				HEADER_SEARCH_PATHS = (
					"$(HEADER_SEARCH_PATHS)",
					cms/src,
					activemqcms/src,
				);
				PREBINDING = NO;
				SDKROOT = /Developer/SDKs/MacOSX10.4u.sdk;
			};
			name = Debug;
		};
		1DEB923708733DC60010E9CD /* Release */ = {
			isa = XCBuildConfiguration;
			buildSettings = {
				ARCHS = (
					ppc,
					i386,
				);
				GCC_WARN_ABOUT_RETURN_TYPE = YES;
				GCC_WARN_UNUSED_VARIABLE = YES;
				HEADER_SEARCH_PATHS = (
					"$(HEADER_SEARCH_PATHS)",
					cms/src,
					activemqcms/src,
				);
				PREBINDING = NO;
				SDKROOT = /Developer/SDKs/MacOSX10.4u.sdk;
			};
			name = Release;
		};
/* End XCBuildConfiguration section */

/* Begin XCConfigurationList section */
		1DEB923108733DC60010E9CD /* Build configuration list for PBXNativeTarget "cms-test" */ = {
			isa = XCConfigurationList;
			buildConfigurations = (
				1DEB923208733DC60010E9CD /* Debug */,
				1DEB923308733DC60010E9CD /* Release */,
			);
			defaultConfigurationIsVisible = 0;
			defaultConfigurationName = Release;
		};
		1DEB923508733DC60010E9CD /* Build configuration list for PBXProject "cms" */ = {
			isa = XCConfigurationList;
			buildConfigurations = (
				1DEB923608733DC60010E9CD /* Debug */,
				1DEB923708733DC60010E9CD /* Release */,
			);
			defaultConfigurationIsVisible = 0;
			defaultConfigurationName = Release;
		};
/* End XCConfigurationList section */
	};
	rootObject = 08FB7793FE84155DC02AAC07 /* Project object */;
}
